# @generated by Move, please check-in and do not edit manually.

[move]
version = 3
manifest_digest = "BE26C616AD96FFE1F4346BF49517E57F518FC47CBF6F543B2BF72635FAEA776A"
deps_digest = "F8BBB0CCB2491CA29A3DF03D6F92277A4F3574266507ACD77214D37ECA3F3082"
dependencies = [
  { id = "Sui", name = "Sui" },
]

[[move.package]]
id = "MoveStdlib"
source = { local = "..\\move-stdlib" }

[[move.package]]
id = "Sui"
source = { local = "..\\Sui" }

dependencies = [
  { id = "MoveStdlib", name = "MoveStdlib" },
]

[move.toolchain-version]
compiler-version = "1.47.0"
edition = "2024.beta"
flavor = "sui"
